// !$*UTF8*$!
{
	archiveVersion = 1;
	classes = {
	};
	objectVersion = 50;
	objects = {

/* Begin PBXBuildFile section */
		545889C6256D447300681222 /* AppDelegate.swift in Sources */ = {isa = PBXBuildFile; fileRef = 545889C5256D447300681222 /* AppDelegate.swift */; };
		545889C8256D447300681222 /* SceneDelegate.swift in Sources */ = {isa = PBXBuildFile; fileRef = 545889C7256D447300681222 /* SceneDelegate.swift */; };
		545889CA256D447300681222 /* ContentView.swift in Sources */ = {isa = PBXBuildFile; fileRef = 545889C9256D447300681222 /* ContentView.swift */; };
		545889CC256D448B00681222 /* Assets.xcassets in Resources */ = {isa = PBXBuildFile; fileRef = 545889CB256D448B00681222 /* Assets.xcassets */; };
		545889CF256D448B00681222 /* Preview Assets.xcassets in Resources */ = {isa = PBXBuildFile; fileRef = 545889CE256D448B00681222 /* Preview Assets.xcassets */; };
		545889D2256D448B00681222 /* LaunchScreen.storyboard in Resources */ = {isa = PBXBuildFile; fileRef = 545889D0256D448B00681222 /* LaunchScreen.storyboard */; };
		545889DC256D455300681222 /* LightMeter.swift in Sources */ = {isa = PBXBuildFile; fileRef = 545889DB256D455300681222 /* LightMeter.swift */; };
/* End PBXBuildFile section */

/* Begin PBXFileReference section */
		545889C2256D447300681222 /* Light Meter.app */ = {isa = PBXFileReference; explicitFileType = wrapper.application; includeInIndex = 0; path = "Light Meter.app"; sourceTree = BUILT_PRODUCTS_DIR; };
		545889C5256D447300681222 /* AppDelegate.swift */ = {isa = PBXFileReference; lastKnownFileType = sourcecode.swift; path = AppDelegate.swift; sourceTree = "<group>"; };
		545889C7256D447300681222 /* SceneDelegate.swift */ = {isa = PBXFileReference; lastKnownFileType = sourcecode.swift; path = SceneDelegate.swift; sourceTree = "<group>"; };
		545889C9256D447300681222 /* ContentView.swift */ = {isa = PBXFileReference; lastKnownFileType = sourcecode.swift; path = ContentView.swift; sourceTree = "<group>"; };
		545889CB256D448B00681222 /* Assets.xcassets */ = {isa = PBXFileReference; lastKnownFileType = folder.assetcatalog; path = Assets.xcassets; sourceTree = "<group>"; };
		545889CE256D448B00681222 /* Preview Assets.xcassets */ = {isa = PBXFileReference; lastKnownFileType = folder.assetcatalog; path = "Preview Assets.xcassets"; sourceTree = "<group>"; };
		545889D1256D448B00681222 /* Base */ = {isa = PBXFileReference; lastKnownFileType = file.storyboard; name = Base; path = Base.lproj/LaunchScreen.storyboard; sourceTree = "<group>"; };
		545889D3256D448B00681222 /* Info.plist */ = {isa = PBXFileReference; lastKnownFileType = text.plist.xml; path = Info.plist; sourceTree = "<group>"; };
		545889DB256D455300681222 /* LightMeter.swift */ = {isa = PBXFileReference; lastKnownFileType = sourcecode.swift; path = LightMeter.swift; sourceTree = "<group>"; };
/* End PBXFileReference section */

/* Begin PBXFrameworksBuildPhase section */
		545889BF256D447300681222 /* Frameworks */ = {
			isa = PBXFrameworksBuildPhase;
			buildActionMask = 2147483647;
			files = (
			);
			runOnlyForDeploymentPostprocessing = 0;
		};
/* End PBXFrameworksBuildPhase section */

/* Begin PBXGroup section */
		545889B9256D447300681222 = {
			isa = PBXGroup;
			children = (
				545889C4256D447300681222 /* Light Meter */,
				545889C3256D447300681222 /* Products */,
			);
			sourceTree = "<group>";
		};
		545889C3256D447300681222 /* Products */ = {
			isa = PBXGroup;
			children = (
				545889C2256D447300681222 /* Light Meter.app */,
			);
			name = Products;
			sourceTree = "<group>";
		};
		545889C4256D447300681222 /* Light Meter */ = {
			isa = PBXGroup;
			children = (
				545889D9256D44F300681222 /* ApplicationDelegate */,
				545889DA256D450E00681222 /* Views */,
				545889CB256D448B00681222 /* Assets.xcassets */,
				545889D0256D448B00681222 /* LaunchScreen.storyboard */,
				545889D3256D448B00681222 /* Info.plist */,
				545889CD256D448B00681222 /* Preview Content */,
			);
			path = "Light Meter";
			sourceTree = "<group>";
		};
		545889CD256D448B00681222 /* Preview Content */ = {
			isa = PBXGroup;
			children = (
				545889CE256D448B00681222 /* Preview Assets.xcassets */,
			);
			path = "Preview Content";
			sourceTree = "<group>";
		};
		545889D9256D44F300681222 /* ApplicationDelegate */ = {
			isa = PBXGroup;
			children = (
				545889C5256D447300681222 /* AppDelegate.swift */,
				545889C7256D447300681222 /* SceneDelegate.swift */,
			);
			path = ApplicationDelegate;
			sourceTree = "<group>";
		};
		545889DA256D450E00681222 /* Views */ = {
			isa = PBXGroup;
			children = (
				545889C9256D447300681222 /* ContentView.swift */,
				545889DB256D455300681222 /* LightMeter.swift */,
			);
			path = Views;
			sourceTree = "<group>";
		};
/* End PBXGroup section */

/* Begin PBXNativeTarget section */
		545889C1256D447300681222 /* Light Meter */ = {
			isa = PBXNativeTarget;
			buildConfigurationList = 545889D6256D448B00681222 /* Build configuration list for PBXNativeTarget "Light Meter" */;
			buildPhases = (
				545889BE256D447300681222 /* Sources */,
				545889BF256D447300681222 /* Frameworks */,
				545889C0256D447300681222 /* Resources */,
			);
			buildRules = (
			);
			dependencies = (
			);
			name = "Light Meter";
			productName = "Light Meter";
			productReference = 545889C2256D447300681222 /* Light Meter.app */;
			productType = "com.apple.product-type.application";
		};
/* End PBXNativeTarget section */

/* Begin PBXProject section */
		545889BA256D447300681222 /* Project object */ = {
			isa = PBXProject;
			attributes = {
				LastSwiftUpdateCheck = 1160;
				LastUpgradeCheck = 1160;
				ORGANIZATIONNAME = debashish;
				TargetAttributes = {
					545889C1256D447300681222 = {
						CreatedOnToolsVersion = 11.6;
					};
				};
			};
			buildConfigurationList = 545889BD256D447300681222 /* Build configuration list for PBXProject "Light Meter" */;
			compatibilityVersion = "Xcode 9.3";
			developmentRegion = en;
			hasScannedForEncodings = 0;
			knownRegions = (
				en,
				Base,
			);
			mainGroup = 545889B9256D447300681222;
			productRefGroup = 545889C3256D447300681222 /* Products */;
			projectDirPath = "";
			projectRoot = "";
			targets = (
				545889C1256D447300681222 /* Light Meter */,
			);
		};
/* End PBXProject section */

/* Begin PBXResourcesBuildPhase section */
		545889C0256D447300681222 /* Resources */ = {
			isa = PBXResourcesBuildPhase;
			buildActionMask = 2147483647;
			files = (
				545889D2256D448B00681222 /* LaunchScreen.storyboard in Resources */,
				545889CF256D448B00681222 /* Preview Assets.xcassets in Resources */,
				545889CC256D448B00681222 /* Assets.xcassets in Resources */,
			);
			runOnlyForDeploymentPostprocessing = 0;
		};
/* End PBXResourcesBuildPhase section */

/* Begin PBXSourcesBuildPhase section */
		545889BE256D447300681222 /* Sources */ = {
			isa = PBXSourcesBuildPhase;
			buildActionMask = 2147483647;
			files = (
				545889DC256D455300681222 /* LightMeter.swift in Sources */,
				545889C6256D447300681222 /* AppDelegate.swift in Sources */,
				545889C8256D447300681222 /* SceneDelegate.swift in Sources */,
				545889CA256D447300681222 /* ContentView.swift in Sources */,
			);
			runOnlyForDeploymentPostprocessing = 0;
		};
/* End PBXSourcesBuildPhase section */

/* Begin PBXVariantGroup section */
		545889D0256D448B00681222 /* LaunchScreen.storyboard */ = {
			isa = PBXVariantGroup;
			children = (
				545889D1256D448B00681222 /* Base */,
			);
			name = LaunchScreen.storyboard;
			sourceTree = "<group>";
		};
/* End PBXVariantGroup section */

/* Begin XCBuildConfiguration section */
		545889D4256D448B00681222 /* Debug */ = {
			isa = XCBuildConfiguration;
			buildSettings = {
				ALWAYS_SEARCH_USER_PATHS = NO;
				CLANG_ANALYZER_NONNULL = YES;
				CLANG_ANALYZER_NUMBER_OBJECT_CONVERSION = YES_AGGRESSIVE;
				CLANG_CXX_LANGUAGE_STANDARD = "gnu++14";
				CLANG_CXX_LIBRARY = "libc++";
				CLANG_ENABLE_MODULES = YES;
				CLANG_ENABLE_OBJC_ARC = YES;
				CLANG_ENABLE_OBJC_WEAK = YES;
				CLANG_WARN_BLOCK_CAPTURE_AUTORELEASING = YES;
				CLANG_WARN_BOOL_CONVERSION = YES;
				CLANG_WARN_COMMA = YES;
				CLANG_WARN_CONSTANT_CONVERSION = YES;
				CLANG_WARN_DEPRECATED_OBJC_IMPLEMENTATIONS = YES;
				CLANG_WARN_DIRECT_OBJC_ISA_USAGE = YES_ERROR;
				CLANG_WARN_DOCUMENTATION_COMMENTS = YES;
				CLANG_WARN_EMPTY_BODY = YES;
				CLANG_WARN_ENUM_CONVERSION = YES;
				CLANG_WARN_INFINITE_RECURSION = YES;
				CLANG_WARN_INT_CONVERSION = YES;
				CLANG_WARN_NON_LITERAL_NULL_CONVERSION = YES;
				CLANG_WARN_OBJC_IMPLICIT_RETAIN_SELF = YES;
				CLANG_WARN_OBJC_LITERAL_CONVERSION = YES;
				CLANG_WARN_OBJC_ROOT_CLASS = YES_ERROR;
				CLANG_WARN_RANGE_LOOP_ANALYSIS = YES;
				CLANG_WARN_STRICT_PROTOTYPES = YES;
				CLANG_WARN_SUSPICIOUS_MOVE = YES;
				CLANG_WARN_UNGUARDED_AVAILABILITY = YES_AGGRESSIVE;
				CLANG_WARN_UNREACHABLE_CODE = YES;
				CLANG_WARN__DUPLICATE_METHOD_MATCH = YES;
				COPY_PHASE_STRIP = NO;
				DEBUG_INFORMATION_FORMAT = dwarf;
				ENABLE_STRICT_OBJC_MSGSEND = YES;
				ENABLE_TESTABILITY = YES;
				GCC_C_LANGUAGE_STANDARD = gnu11;
				GCC_DYNAMIC_NO_PIC = NO;
				GCC_NO_COMMON_BLOCKS = YES;
				GCC_OPTIMIZATION_LEVEL = 0;
				GCC_PREPROCESSOR_DEFINITIONS = (
					"DEBUG=1",
					"$(inherited)",
				);
				GCC_WARN_64_TO_32_BIT_CONVERSION = YES;
				GCC_WARN_ABOUT_RETURN_TYPE = YES_ERROR;
				GCC_WARN_UNDECLARED_SELECTOR = YES;
				GCC_WARN_UNINITIALIZED_AUTOS = YES_AGGRESSIVE;
				GCC_WARN_UNUSED_FUNCTION = YES;
				GCC_WARN_UNUSED_VARIABLE = YES;
				IPHONEOS_DEPLOYMENT_TARGET = 13.6;
				MTL_ENABLE_DEBUG_INFO = INCLUDE_SOURCE;
				MTL_FAST_MATH = YES;
				ONLY_ACTIVE_ARCH = YES;
				SDKROOT = iphoneos;
				SWIFT_ACTIVE_COMPILATION_CONDITIONS = DEBUG;
				SWIFT_OPTIMIZATION_LEVEL = "-Onone";
			};
			name = Debug;
		};
		545889D5256D448B00681222 /* Release */ = {
			isa = XCBuildConfiguration;
			buildSettings = {
				ALWAYS_SEARCH_USER_PATHS = NO;
				CLANG_ANALYZER_NONNULL = YES;
				CLANG_ANALYZER_NUMBER_OBJECT_CONVERSION = YES_AGGRESSIVE;
				CLANG_CXX_LANGUAGE_STANDARD = "gnu++14";
				CLANG_CXX_LIBRARY = "libc++";
				CLANG_ENABLE_MODULES = YES;
				CLANG_ENABLE_OBJC_ARC = YES;
				CLANG_ENABLE_OBJC_WEAK = YES;
				CLANG_WARN_BLOCK_CAPTURE_AUTORELEASING = YES;
				CLANG_WARN_BOOL_CONVERSION = YES;
				CLANG_WARN_COMMA = YES;
				CLANG_WARN_CONSTANT_CONVERSION = YES;
				CLANG_WARN_DEPRECATED_OBJC_IMPLEMENTATIONS = YES;
				CLANG_WARN_DIRECT_OBJC_ISA_USAGE = YES_ERROR;
				CLANG_WARN_DOCUMENTATION_COMMENTS = YES;
				CLANG_WARN_EMPTY_BODY = YES;
				CLANG_WARN_ENUM_CONVERSION = YES;
				CLANG_WARN_INFINITE_RECURSION = YES;
				CLANG_WARN_INT_CONVERSION = YES;
				CLANG_WARN_NON_LITERAL_NULL_CONVERSION = YES;
				CLANG_WARN_OBJC_IMPLICIT_RETAIN_SELF = YES;
				CLANG_WARN_OBJC_LITERAL_CONVERSION = YES;
				CLANG_WARN_OBJC_ROOT_CLASS = YES_ERROR;
				CLANG_WARN_RANGE_LOOP_ANALYSIS = YES;
				CLANG_WARN_STRICT_PROTOTYPES = YES;
				CLANG_WARN_SUSPICIOUS_MOVE = YES;
				CLANG_WARN_UNGUARDED_AVAILABILITY = YES_AGGRESSIVE;
				CLANG_WARN_UNREACHABLE_CODE = YES;
				CLANG_WARN__DUPLICATE_METHOD_MATCH = YES;
				COPY_PHASE_STRIP = NO;
				DEBUG_INFORMATION_FORMAT = "dwarf-with-dsym";
				ENABLE_NS_ASSERTIONS = NO;
				ENABLE_STRICT_OBJC_MSGSEND = YES;
				GCC_C_LANGUAGE_STANDARD = gnu11;
				GCC_NO_COMMON_BLOCKS = YES;
				GCC_WARN_64_TO_32_BIT_CONVERSION = YES;
				GCC_WARN_ABOUT_RETURN_TYPE = YES_ERROR;
				GCC_WARN_UNDECLARED_SELECTOR = YES;
				GCC_WARN_UNINITIALIZED_AUTOS = YES_AGGRESSIVE;
				GCC_WARN_UNUSED_FUNCTION = YES;
				GCC_WARN_UNUSED_VARIABLE = YES;
				IPHONEOS_DEPLOYMENT_TARGET = 13.6;
				MTL_ENABLE_DEBUG_INFO = NO;
				MTL_FAST_MATH = YES;
				SDKROOT = iphoneos;
				SWIFT_COMPILATION_MODE = wholemodule;
				SWIFT_OPTIMIZATION_LEVEL = "-O";
				VALIDATE_PRODUCT = YES;
			};
			name = Release;
		};
		545889D7256D448B00681222 /* Debug */ = {
			isa = XCBuildConfiguration;
			buildSettings = {
				ASSETCATALOG_COMPILER_APPICON_NAME = AppIcon;
				CODE_SIGN_STYLE = Automatic;
				DEVELOPMENT_ASSET_PATHS = "\"Light Meter/Preview Content\"";
				DEVELOPMENT_TEAM = XT39AN5483;
				ENABLE_PREVIEWS = YES;
				INFOPLIST_FILE = "Light Meter/Info.plist";
				LD_RUNPATH_SEARCH_PATHS = (
					"$(inherited)",
					"@executable_path/Frameworks",
				);
				PRODUCT_BUNDLE_IDENTIFIER = "com.debashish.Light-Meter";
				PRODUCT_NAME = "$(TARGET_NAME)";
				SWIFT_VERSION = 5.0;
				TARGETED_DEVICE_FAMILY = "1,2";
			};
			name = Debug;
		};
		545889D8256D448B00681222 /* Release */ = {
			isa = XCBuildConfiguration;
			buildSettings = {
				ASSETCATALOG_COMPILER_APPICON_NAME = AppIcon;
				CODE_SIGN_STYLE = Automatic;
				DEVELOPMENT_ASSET_PATHS = "\"Light Meter/Preview Content\"";
				DEVELOPMENT_TEAM = XT39AN5483;
				ENABLE_PREVIEWS = YES;
				INFOPLIST_FILE = "Light Meter/Info.plist";
				LD_RUNPATH_SEARCH_PATHS = (
					"$(inherited)",
					"@executable_path/Frameworks",
				);
				PRODUCT_BUNDLE_IDENTIFIER = "com.debashish.Light-Meter";
				PRODUCT_NAME = "$(TARGET_NAME)";
				SWIFT_VERSION = 5.0;
				TARGETED_DEVICE_FAMILY = "1,2";
			};
			name = Release;
		};
/* End XCBuildConfiguration section */

/* Begin XCConfigurationList section */
		545889BD256D447300681222 /* Build configuration list for PBXProject "Light Meter" */ = {
			isa = XCConfigurationList;
			buildConfigurations = (
				545889D4256D448B00681222 /* Debug */,
				545889D5256D448B00681222 /* Release */,
			);
			defaultConfigurationIsVisible = 0;
			defaultConfigurationName = Release;
		};
		545889D6256D448B00681222 /* Build configuration list for PBXNativeTarget "Light Meter" */ = {
			isa = XCConfigurationList;
			buildConfigurations = (
				545889D7256D448B00681222 /* Debug */,
				545889D8256D448B00681222 /* Release */,
			);
			defaultConfigurationIsVisible = 0;
			defaultConfigurationName = Release;
		};
/* End XCConfigurationList section */
	};
	rootObject = 545889BA256D447300681222 /* Project object */;
}
